// !$*UTF8*$!
{
	archiveVersion = 1;
	classes = {
	};
	objectVersion = 51;
	objects = {

/* Begin PBXBuildFile section */
		4BB49BA34CBD8A0D03BD8FF8 /* Pods_WhatsThere.framework in Frameworks */ = {isa = PBXBuildFile; fileRef = 857837659E699267236DAA7C /* Pods_WhatsThere.framework */; };
		D844DE6025F3BDC600CED3AF /* AppDelegate.swift in Sources */ = {isa = PBXBuildFile; fileRef = D844DE5F25F3BDC600CED3AF /* AppDelegate.swift */; };
		D844DE6425F3BDC600CED3AF /* MainViewController.swift in Sources */ = {isa = PBXBuildFile; fileRef = D844DE6325F3BDC600CED3AF /* MainViewController.swift */; };
		D844DE6725F3BDC600CED3AF /* Main.storyboard in Resources */ = {isa = PBXBuildFile; fileRef = D844DE6525F3BDC600CED3AF /* Main.storyboard */; };
		D844DE6925F3BDCA00CED3AF /* Assets.xcassets in Resources */ = {isa = PBXBuildFile; fileRef = D844DE6825F3BDCA00CED3AF /* Assets.xcassets */; };
		D844DE6C25F3BDCA00CED3AF /* LaunchScreen.storyboard in Resources */ = {isa = PBXBuildFile; fileRef = D844DE6A25F3BDCA00CED3AF /* LaunchScreen.storyboard */; };
		D844DE7725F3CC2E00CED3AF /* SearchCitiesController.swift in Sources */ = {isa = PBXBuildFile; fileRef = D844DE7625F3CC2E00CED3AF /* SearchCitiesController.swift */; };
		D844DE7F25F3DDF700CED3AF /* SuperSimpleNetworkEngine.swift in Sources */ = {isa = PBXBuildFile; fileRef = D844DE7E25F3DDF700CED3AF /* SuperSimpleNetworkEngine.swift */; };
		D844DE9425F42E5F00CED3AF /* UIColor+UIColorFromHexString.swift in Sources */ = {isa = PBXBuildFile; fileRef = D844DE9325F42E5F00CED3AF /* UIColor+UIColorFromHexString.swift */; };
		D844DE9A25F45B5300CED3AF /* YandexForecast.swift in Sources */ = {isa = PBXBuildFile; fileRef = D844DE9925F45B5300CED3AF /* YandexForecast.swift */; };
		D844DE9D25F4679200CED3AF /* City.swift in Sources */ = {isa = PBXBuildFile; fileRef = D844DE9C25F4679200CED3AF /* City.swift */; };
		D844DEA625F5084C00CED3AF /* ErrorHandling.swift in Sources */ = {isa = PBXBuildFile; fileRef = D844DEA525F5084C00CED3AF /* ErrorHandling.swift */; };
		D844DEAB25F537E200CED3AF /* MainViewControllerCell.swift in Sources */ = {isa = PBXBuildFile; fileRef = D844DEAA25F537E200CED3AF /* MainViewControllerCell.swift */; };
		D844DEB325F5960000CED3AF /* TemperatureColor.swift in Sources */ = {isa = PBXBuildFile; fileRef = D844DEB225F595FF00CED3AF /* TemperatureColor.swift */; };
		D844DECB25F63B2300CED3AF /* Constants.swift in Sources */ = {isa = PBXBuildFile; fileRef = D844DECA25F63B2300CED3AF /* Constants.swift */; };
		D844DED025F64ED800CED3AF /* DetailedForecastViewController.swift in Sources */ = {isa = PBXBuildFile; fileRef = D844DECF25F64ED800CED3AF /* DetailedForecastViewController.swift */; };
		D844DED325F6505900CED3AF /* DetailedViewControllerCell.swift in Sources */ = {isa = PBXBuildFile; fileRef = D844DED225F6505900CED3AF /* DetailedViewControllerCell.swift */; };
		D844DED625F6552C00CED3AF /* DetailsCard.swift in Sources */ = {isa = PBXBuildFile; fileRef = D844DED525F6552C00CED3AF /* DetailsCard.swift */; };
		D86D948E25F67B9400416A65 /* PageViewControllerForDetails.swift in Sources */ = {isa = PBXBuildFile; fileRef = D86D948D25F67B9400416A65 /* PageViewControllerForDetails.swift */; };
		D86D949125F68E0A00416A65 /* WeekdayToStringConverter.swift in Sources */ = {isa = PBXBuildFile; fileRef = D86D949025F68E0A00416A65 /* WeekdayToStringConverter.swift */; };
		D86D949425F693AF00416A65 /* FirstCharacterCapitalizer.swift in Sources */ = {isa = PBXBuildFile; fileRef = D86D949325F693AF00416A65 /* FirstCharacterCapitalizer.swift */; };
/* End PBXBuildFile section */

/* Begin PBXFileReference section */
		2573CB09D635990AA42439D4 /* Pods-WhatsThere.debug.xcconfig */ = {isa = PBXFileReference; includeInIndex = 1; lastKnownFileType = text.xcconfig; name = "Pods-WhatsThere.debug.xcconfig"; path = "Target Support Files/Pods-WhatsThere/Pods-WhatsThere.debug.xcconfig"; sourceTree = "<group>"; };
		857837659E699267236DAA7C /* Pods_WhatsThere.framework */ = {isa = PBXFileReference; explicitFileType = wrapper.framework; includeInIndex = 0; path = Pods_WhatsThere.framework; sourceTree = BUILT_PRODUCTS_DIR; };
		C8E46ACF0320A3C42CDC5927 /* Pods-WhatsThere.release.xcconfig */ = {isa = PBXFileReference; includeInIndex = 1; lastKnownFileType = text.xcconfig; name = "Pods-WhatsThere.release.xcconfig"; path = "Target Support Files/Pods-WhatsThere/Pods-WhatsThere.release.xcconfig"; sourceTree = "<group>"; };
		D844DE5C25F3BDC600CED3AF /* WhatsThere.app */ = {isa = PBXFileReference; explicitFileType = wrapper.application; includeInIndex = 0; path = WhatsThere.app; sourceTree = BUILT_PRODUCTS_DIR; };
		D844DE5F25F3BDC600CED3AF /* AppDelegate.swift */ = {isa = PBXFileReference; lastKnownFileType = sourcecode.swift; path = AppDelegate.swift; sourceTree = "<group>"; };
		D844DE6325F3BDC600CED3AF /* MainViewController.swift */ = {isa = PBXFileReference; lastKnownFileType = sourcecode.swift; path = MainViewController.swift; sourceTree = "<group>"; };
		D844DE6625F3BDC600CED3AF /* Base */ = {isa = PBXFileReference; lastKnownFileType = file.storyboard; name = Base; path = Base.lproj/Main.storyboard; sourceTree = "<group>"; };
		D844DE6825F3BDCA00CED3AF /* Assets.xcassets */ = {isa = PBXFileReference; lastKnownFileType = folder.assetcatalog; path = Assets.xcassets; sourceTree = "<group>"; };
		D844DE6B25F3BDCA00CED3AF /* Base */ = {isa = PBXFileReference; lastKnownFileType = file.storyboard; name = Base; path = Base.lproj/LaunchScreen.storyboard; sourceTree = "<group>"; };
		D844DE6D25F3BDCA00CED3AF /* Info.plist */ = {isa = PBXFileReference; lastKnownFileType = text.plist.xml; path = Info.plist; sourceTree = "<group>"; };
		D844DE7625F3CC2E00CED3AF /* SearchCitiesController.swift */ = {isa = PBXFileReference; lastKnownFileType = sourcecode.swift; path = SearchCitiesController.swift; sourceTree = "<group>"; };
		D844DE7E25F3DDF700CED3AF /* SuperSimpleNetworkEngine.swift */ = {isa = PBXFileReference; lastKnownFileType = sourcecode.swift; path = SuperSimpleNetworkEngine.swift; sourceTree = "<group>"; };
		D844DE9325F42E5F00CED3AF /* UIColor+UIColorFromHexString.swift */ = {isa = PBXFileReference; lastKnownFileType = sourcecode.swift; path = "UIColor+UIColorFromHexString.swift"; sourceTree = "<group>"; };
		D844DE9925F45B5300CED3AF /* YandexForecast.swift */ = {isa = PBXFileReference; lastKnownFileType = sourcecode.swift; path = YandexForecast.swift; sourceTree = "<group>"; };
		D844DE9C25F4679200CED3AF /* City.swift */ = {isa = PBXFileReference; lastKnownFileType = sourcecode.swift; path = City.swift; sourceTree = "<group>"; };
		D844DEA525F5084C00CED3AF /* ErrorHandling.swift */ = {isa = PBXFileReference; lastKnownFileType = sourcecode.swift; path = ErrorHandling.swift; sourceTree = "<group>"; };
		D844DEAA25F537E200CED3AF /* MainViewControllerCell.swift */ = {isa = PBXFileReference; lastKnownFileType = sourcecode.swift; path = MainViewControllerCell.swift; sourceTree = "<group>"; };
		D844DEB225F595FF00CED3AF /* TemperatureColor.swift */ = {isa = PBXFileReference; lastKnownFileType = sourcecode.swift; path = TemperatureColor.swift; sourceTree = "<group>"; };
		D844DECA25F63B2300CED3AF /* Constants.swift */ = {isa = PBXFileReference; lastKnownFileType = sourcecode.swift; path = Constants.swift; sourceTree = "<group>"; };
		D844DECF25F64ED800CED3AF /* DetailedForecastViewController.swift */ = {isa = PBXFileReference; lastKnownFileType = sourcecode.swift; path = DetailedForecastViewController.swift; sourceTree = "<group>"; };
		D844DED225F6505900CED3AF /* DetailedViewControllerCell.swift */ = {isa = PBXFileReference; lastKnownFileType = sourcecode.swift; path = DetailedViewControllerCell.swift; sourceTree = "<group>"; };
		D844DED525F6552C00CED3AF /* DetailsCard.swift */ = {isa = PBXFileReference; lastKnownFileType = sourcecode.swift; path = DetailsCard.swift; sourceTree = "<group>"; };
		D86D948D25F67B9400416A65 /* PageViewControllerForDetails.swift */ = {isa = PBXFileReference; lastKnownFileType = sourcecode.swift; path = PageViewControllerForDetails.swift; sourceTree = "<group>"; };
		D86D949025F68E0A00416A65 /* WeekdayToStringConverter.swift */ = {isa = PBXFileReference; lastKnownFileType = sourcecode.swift; path = WeekdayToStringConverter.swift; sourceTree = "<group>"; };
		D86D949325F693AF00416A65 /* FirstCharacterCapitalizer.swift */ = {isa = PBXFileReference; lastKnownFileType = sourcecode.swift; path = FirstCharacterCapitalizer.swift; sourceTree = "<group>"; };
/* End PBXFileReference section */

/* Begin PBXFrameworksBuildPhase section */
		D844DE5925F3BDC600CED3AF /* Frameworks */ = {
			isa = PBXFrameworksBuildPhase;
			buildActionMask = 2147483647;
			files = (
				4BB49BA34CBD8A0D03BD8FF8 /* Pods_WhatsThere.framework in Frameworks */,
			);
			runOnlyForDeploymentPostprocessing = 0;
		};
/* End PBXFrameworksBuildPhase section */

/* Begin PBXGroup section */
		41D58818FEEEAE73D120929E /* Pods */ = {
			isa = PBXGroup;
			children = (
				2573CB09D635990AA42439D4 /* Pods-WhatsThere.debug.xcconfig */,
				C8E46ACF0320A3C42CDC5927 /* Pods-WhatsThere.release.xcconfig */,
			);
			path = Pods;
			sourceTree = "<group>";
		};
		B8FFF13D7023CB053680B205 /* Frameworks */ = {
			isa = PBXGroup;
			children = (
				857837659E699267236DAA7C /* Pods_WhatsThere.framework */,
			);
			name = Frameworks;
			sourceTree = "<group>";
		};
		D844DE5325F3BDC600CED3AF = {
			isa = PBXGroup;
			children = (
				D844DE5E25F3BDC600CED3AF /* WhatsThere */,
				D844DE5D25F3BDC600CED3AF /* Products */,
				41D58818FEEEAE73D120929E /* Pods */,
				B8FFF13D7023CB053680B205 /* Frameworks */,
			);
			sourceTree = "<group>";
		};
		D844DE5D25F3BDC600CED3AF /* Products */ = {
			isa = PBXGroup;
			children = (
				D844DE5C25F3BDC600CED3AF /* WhatsThere.app */,
			);
			name = Products;
			sourceTree = "<group>";
		};
		D844DE5E25F3BDC600CED3AF /* WhatsThere */ = {
			isa = PBXGroup;
			children = (
				D844DEA825F537B700CED3AF /* Views */,
				D844DE9825F45B3F00CED3AF /* Model */,
				D844DE9225F42E4400CED3AF /* Helpers */,
				D844DE7D25F3DDD500CED3AF /* Networking */,
				D844DE7925F3CCB200CED3AF /* Controllers */,
				D844DE5F25F3BDC600CED3AF /* AppDelegate.swift */,
				D844DE6525F3BDC600CED3AF /* Main.storyboard */,
				D844DE6825F3BDCA00CED3AF /* Assets.xcassets */,
				D844DE6A25F3BDCA00CED3AF /* LaunchScreen.storyboard */,
				D844DE6D25F3BDCA00CED3AF /* Info.plist */,
			);
			path = WhatsThere;
			sourceTree = "<group>";
		};
		D844DE7925F3CCB200CED3AF /* Controllers */ = {
			isa = PBXGroup;
			children = (
				D844DE6325F3BDC600CED3AF /* MainViewController.swift */,
				D844DE7625F3CC2E00CED3AF /* SearchCitiesController.swift */,
				D844DECF25F64ED800CED3AF /* DetailedForecastViewController.swift */,
				D86D948D25F67B9400416A65 /* PageViewControllerForDetails.swift */,
			);
			path = Controllers;
			sourceTree = "<group>";
		};
		D844DE7D25F3DDD500CED3AF /* Networking */ = {
			isa = PBXGroup;
			children = (
				D844DE7E25F3DDF700CED3AF /* SuperSimpleNetworkEngine.swift */,
			);
			path = Networking;
			sourceTree = "<group>";
		};
		D844DE9225F42E4400CED3AF /* Helpers */ = {
			isa = PBXGroup;
			children = (
				D844DE9325F42E5F00CED3AF /* UIColor+UIColorFromHexString.swift */,
				D844DECA25F63B2300CED3AF /* Constants.swift */,
				D86D949025F68E0A00416A65 /* WeekdayToStringConverter.swift */,
				D86D949325F693AF00416A65 /* FirstCharacterCapitalizer.swift */,
			);
			path = Helpers;
			sourceTree = "<group>";
		};
		D844DE9825F45B3F00CED3AF /* Model */ = {
			isa = PBXGroup;
			children = (
				D844DE9925F45B5300CED3AF /* YandexForecast.swift */,
				D844DE9C25F4679200CED3AF /* City.swift */,
				D844DEA525F5084C00CED3AF /* ErrorHandling.swift */,
				D844DEB225F595FF00CED3AF /* TemperatureColor.swift */,
			);
			path = Model;
			sourceTree = "<group>";
		};
		D844DEA825F537B700CED3AF /* Views */ = {
			isa = PBXGroup;
			children = (
				D844DEA925F537BF00CED3AF /* Cells */,
				D844DED525F6552C00CED3AF /* DetailsCard.swift */,
			);
			path = Views;
			sourceTree = "<group>";
		};
		D844DEA925F537BF00CED3AF /* Cells */ = {
			isa = PBXGroup;
			children = (
				D844DEAA25F537E200CED3AF /* MainViewControllerCell.swift */,
				D844DED225F6505900CED3AF /* DetailedViewControllerCell.swift */,
			);
			path = Cells;
			sourceTree = "<group>";
		};
/* End PBXGroup section */

/* Begin PBXNativeTarget section */
		D844DE5B25F3BDC600CED3AF /* WhatsThere */ = {
			isa = PBXNativeTarget;
			buildConfigurationList = D844DE7025F3BDCA00CED3AF /* Build configuration list for PBXNativeTarget "WhatsThere" */;
			buildPhases = (
				462F4A17180A70471896C009 /* [CP] Check Pods Manifest.lock */,
				D844DE5825F3BDC600CED3AF /* Sources */,
				D844DE5925F3BDC600CED3AF /* Frameworks */,
				D844DE5A25F3BDC600CED3AF /* Resources */,
				A8CDC2ADD6790D756588F314 /* [CP] Copy Pods Resources */,
				E44F5EDE321C2F09B4284279 /* [CP] Embed Pods Frameworks */,
			);
			buildRules = (
			);
			dependencies = (
			);
			name = WhatsThere;
			productName = WhatsThere;
			productReference = D844DE5C25F3BDC600CED3AF /* WhatsThere.app */;
			productType = "com.apple.product-type.application";
		};
/* End PBXNativeTarget section */

/* Begin PBXProject section */
		D844DE5425F3BDC600CED3AF /* Project object */ = {
			isa = PBXProject;
			attributes = {
				LastSwiftUpdateCheck = 1240;
				LastUpgradeCheck = 1240;
				TargetAttributes = {
					D844DE5B25F3BDC600CED3AF = {
						CreatedOnToolsVersion = 12.4;
					};
				};
			};
			buildConfigurationList = D844DE5725F3BDC600CED3AF /* Build configuration list for PBXProject "WhatsThere" */;
			compatibilityVersion = "Xcode 9.3";
			developmentRegion = en;
			hasScannedForEncodings = 0;
			knownRegions = (
				en,
				Base,
			);
			mainGroup = D844DE5325F3BDC600CED3AF;
			productRefGroup = D844DE5D25F3BDC600CED3AF /* Products */;
			projectDirPath = "";
			projectRoot = "";
			targets = (
				D844DE5B25F3BDC600CED3AF /* WhatsThere */,
			);
		};
/* End PBXProject section */

/* Begin PBXResourcesBuildPhase section */
		D844DE5A25F3BDC600CED3AF /* Resources */ = {
			isa = PBXResourcesBuildPhase;
			buildActionMask = 2147483647;
			files = (
				D844DE6C25F3BDCA00CED3AF /* LaunchScreen.storyboard in Resources */,
				D844DE6925F3BDCA00CED3AF /* Assets.xcassets in Resources */,
				D844DE6725F3BDC600CED3AF /* Main.storyboard in Resources */,
			);
			runOnlyForDeploymentPostprocessing = 0;
		};
/* End PBXResourcesBuildPhase section */

/* Begin PBXShellScriptBuildPhase section */
		462F4A17180A70471896C009 /* [CP] Check Pods Manifest.lock */ = {
			isa = PBXShellScriptBuildPhase;
			buildActionMask = 2147483647;
			files = (
			);
			inputFileListPaths = (
			);
			inputPaths = (
				"${PODS_PODFILE_DIR_PATH}/Podfile.lock",
				"${PODS_ROOT}/Manifest.lock",
			);
			name = "[CP] Check Pods Manifest.lock";
			outputFileListPaths = (
			);
			outputPaths = (
				"$(DERIVED_FILE_DIR)/Pods-WhatsThere-checkManifestLockResult.txt",
			);
			runOnlyForDeploymentPostprocessing = 0;
			shellPath = /bin/sh;
			shellScript = "diff \"${PODS_PODFILE_DIR_PATH}/Podfile.lock\" \"${PODS_ROOT}/Manifest.lock\" > /dev/null\nif [ $? != 0 ] ; then\n    # print error to STDERR\n    echo \"error: The sandbox is not in sync with the Podfile.lock. Run 'pod install' or update your CocoaPods installation.\" >&2\n    exit 1\nfi\n# This output is used by Xcode 'outputs' to avoid re-running this script phase.\necho \"SUCCESS\" > \"${SCRIPT_OUTPUT_FILE_0}\"\n";
			showEnvVarsInLog = 0;
		};
		A8CDC2ADD6790D756588F314 /* [CP] Copy Pods Resources */ = {
			isa = PBXShellScriptBuildPhase;
			buildActionMask = 2147483647;
			files = (
			);
			inputFileListPaths = (
				"${PODS_ROOT}/Target Support Files/Pods-WhatsThere/Pods-WhatsThere-resources-${CONFIGURATION}-input-files.xcfilelist",
			);
			name = "[CP] Copy Pods Resources";
			outputFileListPaths = (
				"${PODS_ROOT}/Target Support Files/Pods-WhatsThere/Pods-WhatsThere-resources-${CONFIGURATION}-output-files.xcfilelist",
			);
			runOnlyForDeploymentPostprocessing = 0;
			shellPath = /bin/sh;
			shellScript = "\"${PODS_ROOT}/Target Support Files/Pods-WhatsThere/Pods-WhatsThere-resources.sh\"\n";
			showEnvVarsInLog = 0;
		};
		E44F5EDE321C2F09B4284279 /* [CP] Embed Pods Frameworks */ = {
			isa = PBXShellScriptBuildPhase;
			buildActionMask = 2147483647;
			files = (
			);
			inputFileListPaths = (
				"${PODS_ROOT}/Target Support Files/Pods-WhatsThere/Pods-WhatsThere-frameworks-${CONFIGURATION}-input-files.xcfilelist",
			);
			name = "[CP] Embed Pods Frameworks";
			outputFileListPaths = (
				"${PODS_ROOT}/Target Support Files/Pods-WhatsThere/Pods-WhatsThere-frameworks-${CONFIGURATION}-output-files.xcfilelist",
			);
			runOnlyForDeploymentPostprocessing = 0;
			shellPath = /bin/sh;
			shellScript = "\"${PODS_ROOT}/Target Support Files/Pods-WhatsThere/Pods-WhatsThere-frameworks.sh\"\n";
			showEnvVarsInLog = 0;
		};
/* End PBXShellScriptBuildPhase section */

/* Begin PBXSourcesBuildPhase section */
		D844DE5825F3BDC600CED3AF /* Sources */ = {
			isa = PBXSourcesBuildPhase;
			buildActionMask = 2147483647;
			files = (
				D844DEB325F5960000CED3AF /* TemperatureColor.swift in Sources */,
				D844DECB25F63B2300CED3AF /* Constants.swift in Sources */,
				D86D948E25F67B9400416A65 /* PageViewControllerForDetails.swift in Sources */,
				D844DE6425F3BDC600CED3AF /* MainViewController.swift in Sources */,
				D844DE9D25F4679200CED3AF /* City.swift in Sources */,
				D844DE9425F42E5F00CED3AF /* UIColor+UIColorFromHexString.swift in Sources */,
				D844DE7F25F3DDF700CED3AF /* SuperSimpleNetworkEngine.swift in Sources */,
				D844DEAB25F537E200CED3AF /* MainViewControllerCell.swift in Sources */,
				D844DE7725F3CC2E00CED3AF /* SearchCitiesController.swift in Sources */,
				D86D949125F68E0A00416A65 /* WeekdayToStringConverter.swift in Sources */,
				D844DED625F6552C00CED3AF /* DetailsCard.swift in Sources */,
				D844DEA625F5084C00CED3AF /* ErrorHandling.swift in Sources */,
				D844DED025F64ED800CED3AF /* DetailedForecastViewController.swift in Sources */,
				D844DE9A25F45B5300CED3AF /* YandexForecast.swift in Sources */,
				D844DE6025F3BDC600CED3AF /* AppDelegate.swift in Sources */,
				D86D949425F693AF00416A65 /* FirstCharacterCapitalizer.swift in Sources */,
				D844DED325F6505900CED3AF /* DetailedViewControllerCell.swift in Sources */,
			);
			runOnlyForDeploymentPostprocessing = 0;
		};
/* End PBXSourcesBuildPhase section */

/* Begin PBXVariantGroup section */
		D844DE6525F3BDC600CED3AF /* Main.storyboard */ = {
			isa = PBXVariantGroup;
			children = (
				D844DE6625F3BDC600CED3AF /* Base */,
			);
			name = Main.storyboard;
			sourceTree = "<group>";
		};
		D844DE6A25F3BDCA00CED3AF /* LaunchScreen.storyboard */ = {
			isa = PBXVariantGroup;
			children = (
				D844DE6B25F3BDCA00CED3AF /* Base */,
			);
			name = LaunchScreen.storyboard;
			sourceTree = "<group>";
		};
/* End PBXVariantGroup section */

/* Begin XCBuildConfiguration section */
		D844DE6E25F3BDCA00CED3AF /* Debug */ = {
			isa = XCBuildConfiguration;
			buildSettings = {
				ALWAYS_SEARCH_USER_PATHS = NO;
				CLANG_ANALYZER_NONNULL = YES;
				CLANG_ANALYZER_NUMBER_OBJECT_CONVERSION = YES_AGGRESSIVE;
				CLANG_CXX_LANGUAGE_STANDARD = "gnu++14";
				CLANG_CXX_LIBRARY = "libc++";
				CLANG_ENABLE_MODULES = YES;
				CLANG_ENABLE_OBJC_ARC = YES;
				CLANG_ENABLE_OBJC_WEAK = YES;
				CLANG_WARN_BLOCK_CAPTURE_AUTORELEASING = YES;
				CLANG_WARN_BOOL_CONVERSION = YES;
				CLANG_WARN_COMMA = YES;
				CLANG_WARN_CONSTANT_CONVERSION = YES;
				CLANG_WARN_DEPRECATED_OBJC_IMPLEMENTATIONS = YES;
				CLANG_WARN_DIRECT_OBJC_ISA_USAGE = YES_ERROR;
				CLANG_WARN_DOCUMENTATION_COMMENTS = YES;
				CLANG_WARN_EMPTY_BODY = YES;
				CLANG_WARN_ENUM_CONVERSION = YES;
				CLANG_WARN_INFINITE_RECURSION = YES;
				CLANG_WARN_INT_CONVERSION = YES;
				CLANG_WARN_NON_LITERAL_NULL_CONVERSION = YES;
				CLANG_WARN_OBJC_IMPLICIT_RETAIN_SELF = YES;
				CLANG_WARN_OBJC_LITERAL_CONVERSION = YES;
				CLANG_WARN_OBJC_ROOT_CLASS = YES_ERROR;
				CLANG_WARN_QUOTED_INCLUDE_IN_FRAMEWORK_HEADER = YES;
				CLANG_WARN_RANGE_LOOP_ANALYSIS = YES;
				CLANG_WARN_STRICT_PROTOTYPES = YES;
				CLANG_WARN_SUSPICIOUS_MOVE = YES;
				CLANG_WARN_UNGUARDED_AVAILABILITY = YES_AGGRESSIVE;
				CLANG_WARN_UNREACHABLE_CODE = YES;
				CLANG_WARN__DUPLICATE_METHOD_MATCH = YES;
				COPY_PHASE_STRIP = NO;
				DEBUG_INFORMATION_FORMAT = dwarf;
				ENABLE_STRICT_OBJC_MSGSEND = YES;
				ENABLE_TESTABILITY = YES;
				GCC_C_LANGUAGE_STANDARD = gnu11;
				GCC_DYNAMIC_NO_PIC = NO;
				GCC_NO_COMMON_BLOCKS = YES;
				GCC_OPTIMIZATION_LEVEL = 0;
				GCC_PREPROCESSOR_DEFINITIONS = (
					"DEBUG=1",
					"$(inherited)",
				);
				GCC_WARN_64_TO_32_BIT_CONVERSION = YES;
				GCC_WARN_ABOUT_RETURN_TYPE = YES_ERROR;
				GCC_WARN_UNDECLARED_SELECTOR = YES;
				GCC_WARN_UNINITIALIZED_AUTOS = YES_AGGRESSIVE;
				GCC_WARN_UNUSED_FUNCTION = YES;
				GCC_WARN_UNUSED_VARIABLE = YES;
				IPHONEOS_DEPLOYMENT_TARGET = 14.4;
				MTL_ENABLE_DEBUG_INFO = INCLUDE_SOURCE;
				MTL_FAST_MATH = YES;
				ONLY_ACTIVE_ARCH = YES;
				SDKROOT = iphoneos;
				SWIFT_ACTIVE_COMPILATION_CONDITIONS = DEBUG;
				SWIFT_OPTIMIZATION_LEVEL = "-Onone";
			};
			name = Debug;
		};
		D844DE6F25F3BDCA00CED3AF /* Release */ = {
			isa = XCBuildConfiguration;
			buildSettings = {
				ALWAYS_SEARCH_USER_PATHS = NO;
				CLANG_ANALYZER_NONNULL = YES;
				CLANG_ANALYZER_NUMBER_OBJECT_CONVERSION = YES_AGGRESSIVE;
				CLANG_CXX_LANGUAGE_STANDARD = "gnu++14";
				CLANG_CXX_LIBRARY = "libc++";
				CLANG_ENABLE_MODULES = YES;
				CLANG_ENABLE_OBJC_ARC = YES;
				CLANG_ENABLE_OBJC_WEAK = YES;
				CLANG_WARN_BLOCK_CAPTURE_AUTORELEASING = YES;
				CLANG_WARN_BOOL_CONVERSION = YES;
				CLANG_WARN_COMMA = YES;
				CLANG_WARN_CONSTANT_CONVERSION = YES;
				CLANG_WARN_DEPRECATED_OBJC_IMPLEMENTATIONS = YES;
				CLANG_WARN_DIRECT_OBJC_ISA_USAGE = YES_ERROR;
				CLANG_WARN_DOCUMENTATION_COMMENTS = YES;
				CLANG_WARN_EMPTY_BODY = YES;
				CLANG_WARN_ENUM_CONVERSION = YES;
				CLANG_WARN_INFINITE_RECURSION = YES;
				CLANG_WARN_INT_CONVERSION = YES;
				CLANG_WARN_NON_LITERAL_NULL_CONVERSION = YES;
				CLANG_WARN_OBJC_IMPLICIT_RETAIN_SELF = YES;
				CLANG_WARN_OBJC_LITERAL_CONVERSION = YES;
				CLANG_WARN_OBJC_ROOT_CLASS = YES_ERROR;
				CLANG_WARN_QUOTED_INCLUDE_IN_FRAMEWORK_HEADER = YES;
				CLANG_WARN_RANGE_LOOP_ANALYSIS = YES;
				CLANG_WARN_STRICT_PROTOTYPES = YES;
				CLANG_WARN_SUSPICIOUS_MOVE = YES;
				CLANG_WARN_UNGUARDED_AVAILABILITY = YES_AGGRESSIVE;
				CLANG_WARN_UNREACHABLE_CODE = YES;
				CLANG_WARN__DUPLICATE_METHOD_MATCH = YES;
				COPY_PHASE_STRIP = NO;
				DEBUG_INFORMATION_FORMAT = "dwarf-with-dsym";
				ENABLE_NS_ASSERTIONS = NO;
				ENABLE_STRICT_OBJC_MSGSEND = YES;
				GCC_C_LANGUAGE_STANDARD = gnu11;
				GCC_NO_COMMON_BLOCKS = YES;
				GCC_WARN_64_TO_32_BIT_CONVERSION = YES;
				GCC_WARN_ABOUT_RETURN_TYPE = YES_ERROR;
				GCC_WARN_UNDECLARED_SELECTOR = YES;
				GCC_WARN_UNINITIALIZED_AUTOS = YES_AGGRESSIVE;
				GCC_WARN_UNUSED_FUNCTION = YES;
				GCC_WARN_UNUSED_VARIABLE = YES;
				IPHONEOS_DEPLOYMENT_TARGET = 14.4;
				MTL_ENABLE_DEBUG_INFO = NO;
				MTL_FAST_MATH = YES;
				SDKROOT = iphoneos;
				SWIFT_COMPILATION_MODE = wholemodule;
				SWIFT_OPTIMIZATION_LEVEL = "-O";
				VALIDATE_PRODUCT = YES;
			};
			name = Release;
		};
		D844DE7125F3BDCA00CED3AF /* Debug */ = {
			isa = XCBuildConfiguration;
			baseConfigurationReference = 2573CB09D635990AA42439D4 /* Pods-WhatsThere.debug.xcconfig */;
			buildSettings = {
				ASSETCATALOG_COMPILER_APPICON_NAME = AppIcon;
				ASSETCATALOG_COMPILER_GLOBAL_ACCENT_COLOR_NAME = AccentColor;
				CODE_SIGN_STYLE = Automatic;
				DEVELOPMENT_TEAM = 48949KRUQQ;
				INFOPLIST_FILE = WhatsThere/Info.plist;
				LD_RUNPATH_SEARCH_PATHS = (
					"$(inherited)",
					"@executable_path/Frameworks",
				);
				PRODUCT_BUNDLE_IDENTIFIER = BroSquad.WhatsThere;
				PRODUCT_NAME = "$(TARGET_NAME)";
				SWIFT_VERSION = 5.0;
				TARGETED_DEVICE_FAMILY = "1,2";
			};
			name = Debug;
		};
		D844DE7225F3BDCA00CED3AF /* Release */ = {
			isa = XCBuildConfiguration;
			baseConfigurationReference = C8E46ACF0320A3C42CDC5927 /* Pods-WhatsThere.release.xcconfig */;
			buildSettings = {
				ASSETCATALOG_COMPILER_APPICON_NAME = AppIcon;
				ASSETCATALOG_COMPILER_GLOBAL_ACCENT_COLOR_NAME = AccentColor;
				CODE_SIGN_STYLE = Automatic;
				DEVELOPMENT_TEAM = 48949KRUQQ;
				INFOPLIST_FILE = WhatsThere/Info.plist;
				LD_RUNPATH_SEARCH_PATHS = (
					"$(inherited)",
					"@executable_path/Frameworks",
				);
				PRODUCT_BUNDLE_IDENTIFIER = BroSquad.WhatsThere;
				PRODUCT_NAME = "$(TARGET_NAME)";
				SWIFT_VERSION = 5.0;
				TARGETED_DEVICE_FAMILY = "1,2";
			};
			name = Release;
		};
/* End XCBuildConfiguration section */

/* Begin XCConfigurationList section */
		D844DE5725F3BDC600CED3AF /* Build configuration list for PBXProject "WhatsThere" */ = {
			isa = XCConfigurationList;
			buildConfigurations = (
				D844DE6E25F3BDCA00CED3AF /* Debug */,
				D844DE6F25F3BDCA00CED3AF /* Release */,
			);
			defaultConfigurationIsVisible = 0;
			defaultConfigurationName = Release;
		};
		D844DE7025F3BDCA00CED3AF /* Build configuration list for PBXNativeTarget "WhatsThere" */ = {
			isa = XCConfigurationList;
			buildConfigurations = (
				D844DE7125F3BDCA00CED3AF /* Debug */,
				D844DE7225F3BDCA00CED3AF /* Release */,
			);
			defaultConfigurationIsVisible = 0;
			defaultConfigurationName = Release;
		};
/* End XCConfigurationList section */
	};
	rootObject = D844DE5425F3BDC600CED3AF /* Project object */;
}
